
Microsoft Visual Studio Solution File, Format Version 12.00
# Visual Studio Version 16
VisualStudioVersion = 16.0.31727.386
MinimumVisualStudioVersion = 10.0.40219.1
Project("{FAE04EC0-301F-11D3-BF4B-00C04F79EFBC}") = "20211029_Formula1_Exeptions", "20211029_Formula1_Exeptions\20211029_Formula1_Exeptions.csproj", "{BE5D4CC3-64DD-4567-B984-223A8A795FA4}"
EndProject
Global
	GlobalSection(SolutionConfigurationPlatforms) = preSolution
		Debug|Any CPU = Debug|Any CPU
		Release|Any CPU = Release|Any CPU
	EndGlobalSection
	GlobalSection(ProjectConfigurationPlatforms) = postSolution
		{BE5D4CC3-64DD-4567-B984-223A8A795FA4}.Debug|Any CPU.ActiveCfg = Debug|Any CPU
		{BE5D4CC3-64DD-4567-B984-223A8A795FA4}.Debug|Any CPU.Build.0 = Debug|Any CPU
		{BE5D4CC3-64DD-4567-B984-223A8A795FA4}.Release|Any CPU.ActiveCfg = Release|Any CPU
		{BE5D4CC3-64DD-4567-B984-223A8A795FA4}.Release|Any CPU.Build.0 = Release|Any CPU
	EndGlobalSection
	GlobalSection(SolutionProperties) = preSolution
		HideSolutionNode = FALSE
	EndGlobalSection
	GlobalSection(ExtensibilityGlobals) = postSolution
		SolutionGuid = {1A7C9E28-B47E-4A8D-951B-FB52E6DDC41C}
	EndGlobalSection
EndGlobal
